# THIS IS AN AUTOGENERATED FILE. DO NOT EDIT THIS FILE DIRECTLY.
# yarn lockfile v1


esbuild@^0.8.36:
  version "0.8.36"
  resolved "https://registry.yarnpkg.com/esbuild/-/esbuild-0.8.36.tgz#f5b7c61473721c7d53ffe7c88708e25f3b6182f3"
  integrity sha512-kcUQB61Tf8rLJ3mOwP2ruWi/iFufaQcEs4No+JA6e7W2kMOtFExOsbyeFpEF6zNacwk2RF5fYUz5jfZwgn/SJg==
