# THIS IS AN AUTOGENERATED FILE. DO NOT EDIT THIS FILE DIRECTLY.
# yarn lockfile v1


array-uniq@1.0.2:
  version "1.0.2"
  resolved "https://registry.yarnpkg.com/array-uniq/-/array-uniq-1.0.2.tgz#5fcc373920775723cfd64d65c64bef53bf9eba6d"
  integrity sha1-X8w3OSB3VyPP1k1lxkvvU7+eum0=

lodash@^4.17.20:
  version "4.17.20"
  resolved "https://registry.yarnpkg.com/lodash/-/lodash-4.17.20.tgz#b44a9b6297bcb698f1c51a3545a2b3b368d59c52"
  integrity sha512-PlhdFcillOINfeV7Ni6oF1TAEayyZBoZ8bcshTHqOYJYlrqzRK5hagpagky5o4HfCzzd1TRkXPMFq6cKk9rGmA==

randomstring@^1.1.5:
  version "1.1.5"
  resolved "https://registry.yarnpkg.com/randomstring/-/randomstring-1.1.5.tgz#6df0628f75cbd5932930d9fe3ab4e956a18518c3"
  integrity sha1-bfBij3XL1ZMpMNn+OrTpVqGFGMM=
  dependencies:
    array-uniq "1.0.2"

secure-random-password@^0.2.2:
  version "0.2.2"
  resolved "https://registry.yarnpkg.com/secure-random-password/-/secure-random-password-0.2.2.tgz#eb043bcada24bc372bc98457845222b2a96d2058"
  integrity sha512-L1bcFB6CY/L4snizCej/yVmRGguor5ASgk2/ea4iYjYNbEPjJ7W++4o8hQGvfrS1WWqDKUNi/Z3QEHAjkibqfw==
  dependencies:
    secure-random "^1.1.2"

secure-random@^1.1.2:
  version "1.1.2"
  resolved "https://registry.yarnpkg.com/secure-random/-/secure-random-1.1.2.tgz#ed103b460a851632d420d46448b2a900a41e7f7c"
  integrity sha512-H2bdSKERKdBV1SwoqYm6C0y+9EA94v6SUBOWO8kDndc4NoUih7Dv6Tsgma7zO1lv27wIvjlD0ZpMQk7um5dheQ==
